
Microsoft Visual Studio Solution File, Format Version 12.00
# Visual Studio Version 17
VisualStudioVersion = 17.0.31912.275
MinimumVisualStudioVersion = 10.0.40219.1
Project("{FAE04EC0-301F-11D3-BF4B-00C04F79EFBC}") = "TicTacToe", "TicTacToe\TicTacToe.csproj", "{B31C029B-33F8-4F99-A046-450430C6AE22}"
EndProject
Global
	GlobalSection(SolutionConfigurationPlatforms) = preSolution
		Debug|Any CPU = Debug|Any CPU
		Release|Any CPU = Release|Any CPU
	EndGlobalSection
	GlobalSection(ProjectConfigurationPlatforms) = postSolution
		{B31C029B-33F8-4F99-A046-450430C6AE22}.Debug|Any CPU.ActiveCfg = Debug|Any CPU
		{B31C029B-33F8-4F99-A046-450430C6AE22}.Debug|Any CPU.Build.0 = Debug|Any CPU
		{B31C029B-33F8-4F99-A046-450430C6AE22}.Release|Any CPU.ActiveCfg = Release|Any CPU
		{B31C029B-33F8-4F99-A046-450430C6AE22}.Release|Any CPU.Build.0 = Release|Any CPU
	EndGlobalSection
	GlobalSection(SolutionProperties) = preSolution
		HideSolutionNode = FALSE
	EndGlobalSection
	GlobalSection(ExtensibilityGlobals) = postSolution
		SolutionGuid = {FCF7B004-C907-4F98-A3C0-6B2375460CE0}
	EndGlobalSection
EndGlobal
